
Microsoft Visual Studio Solution File, Format Version 12.00
# Visual Studio Version 17
VisualStudioVersion = 17.0.31903.59
MinimumVisualStudioVersion = 10.0.40219.1
Project("{2150E333-8FDC-42A3-9474-1A3956D46DE8}") = "src", "src", "{827E0CD3-B72D-47B6-A68D-7590B98EB39B}"
EndProject
Project("{FAE04EC0-301F-11D3-BF4B-00C04F79EFBC}") = "SpiOpenAccess.App", "src\SpiOpenAccess.App\SpiOpenAccess.App.csproj", "{0664E688-9446-49D4-B53D-D48889523E01}"
EndProject
Project("{FAE04EC0-301F-11D3-BF4B-00C04F79EFBC}") = "SpiOpenAccess.Core", "src\SpiOpenAccess.Core\SpiOpenAccess.Core.csproj", "{72D3ED61-9545-4CC2-A932-1CD9E5504509}"
EndProject
Project("{FAE04EC0-301F-11D3-BF4B-00C04F79EFBC}") = "SpiOpenAccess.Infrastructure", "src\SpiOpenAccess.Infrastructure\SpiOpenAccess.Infrastructure.csproj", "{2BA946E8-4F2D-459A-93B7-31EB36CD4945}"
EndProject
Project("{FAE04EC0-301F-11D3-BF4B-00C04F79EFBC}") = "SpiOpenAccess.Modules.Database", "src\SpiOpenAccess.Modules.Database\SpiOpenAccess.Modules.Database.csproj", "{2641B39E-20E3-4EF5-B35A-5F21E530F2A8}"
EndProject
Project("{FAE04EC0-301F-11D3-BF4B-00C04F79EFBC}") = "SpiOpenAccess.Modules.Spreadsheet", "src\SpiOpenAccess.Modules.Spreadsheet\SpiOpenAccess.Modules.Spreadsheet.csproj", "{EAB74F46-3B91-4BB4-AF0B-75AF8D039B02}"
EndProject
Project("{FAE04EC0-301F-11D3-BF4B-00C04F79EFBC}") = "SpiOpenAccess.Modules.WordProcessing", "src\SpiOpenAccess.Modules.WordProcessing\SpiOpenAccess.Modules.WordProcessing.csproj", "{A7D6E943-419B-456F-B350-58C102E8607B}"
EndProject
Project("{FAE04EC0-301F-11D3-BF4B-00C04F79EFBC}") = "SpiOpenAccess.Modules.Communications", "src\SpiOpenAccess.Modules.Communications\SpiOpenAccess.Modules.Communications.csproj", "{92539D24-8029-4656-BFEA-5A4A7A558C21}"
EndProject
Project("{FAE04EC0-301F-11D3-BF4B-00C04F79EFBC}") = "SpiOpenAccess.Modules.Mail", "src\SpiOpenAccess.Modules.Mail\SpiOpenAccess.Modules.Mail.csproj", "{7810922E-C5CC-4C34-8B0B-2485A062781C}"
EndProject
Project("{FAE04EC0-301F-11D3-BF4B-00C04F79EFBC}") = "SpiOpenAccess.Modules.Reporting", "src\SpiOpenAccess.Modules.Reporting\SpiOpenAccess.Modules.Reporting.csproj", "{3D85B345-82EC-4714-9A5A-E271AA4676EE}"
EndProject
Project("{FAE04EC0-301F-11D3-BF4B-00C04F79EFBC}") = "SpiOpenAccess.Modules.Programming", "src\SpiOpenAccess.Modules.Programming\SpiOpenAccess.Modules.Programming.csproj", "{A1732110-99E6-40B7-A50B-E8AA5B4DC47E}"
EndProject
Project("{FAE04EC0-301F-11D3-BF4B-00C04F79EFBC}") = "SpiOpenAccess.Tests", "tests\SpiOpenAccess.Tests\SpiOpenAccess.Tests.csproj", "{7FA3EEC5-030D-4998-941D-D72B77C47051}"
EndProject
Global
	GlobalSection(SolutionConfigurationPlatforms) = preSolution
		Debug|Any CPU = Debug|Any CPU
		Debug|x64 = Debug|x64
		Debug|x86 = Debug|x86
		Release|Any CPU = Release|Any CPU
		Release|x64 = Release|x64
		Release|x86 = Release|x86
	EndGlobalSection
	GlobalSection(ProjectConfigurationPlatforms) = postSolution
		{0664E688-9446-49D4-B53D-D48889523E01}.Debug|Any CPU.ActiveCfg = Debug|Any CPU
		{0664E688-9446-49D4-B53D-D48889523E01}.Debug|Any CPU.Build.0 = Debug|Any CPU
		{0664E688-9446-49D4-B53D-D48889523E01}.Debug|x64.ActiveCfg = Debug|Any CPU
		{0664E688-9446-49D4-B53D-D48889523E01}.Debug|x64.Build.0 = Debug|Any CPU
		{0664E688-9446-49D4-B53D-D48889523E01}.Debug|x86.ActiveCfg = Debug|Any CPU
		{0664E688-9446-49D4-B53D-D48889523E01}.Debug|x86.Build.0 = Debug|Any CPU
		{0664E688-9446-49D4-B53D-D48889523E01}.Release|Any CPU.ActiveCfg = Release|Any CPU
		{0664E688-9446-49D4-B53D-D48889523E01}.Release|Any CPU.Build.0 = Release|Any CPU
		{0664E688-9446-49D4-B53D-D48889523E01}.Release|x64.ActiveCfg = Release|Any CPU
		{0664E688-9446-49D4-B53D-D48889523E01}.Release|x64.Build.0 = Release|Any CPU
		{0664E688-9446-49D4-B53D-D48889523E01}.Release|x86.ActiveCfg = Release|Any CPU
		{0664E688-9446-49D4-B53D-D48889523E01}.Release|x86.Build.0 = Release|Any CPU
		{72D3ED61-9545-4CC2-A932-1CD9E5504509}.Debug|Any CPU.ActiveCfg = Debug|Any CPU
		{72D3ED61-9545-4CC2-A932-1CD9E5504509}.Debug|Any CPU.Build.0 = Debug|Any CPU
		{72D3ED61-9545-4CC2-A932-1CD9E5504509}.Debug|x64.ActiveCfg = Debug|Any CPU
		{72D3ED61-9545-4CC2-A932-1CD9E5504509}.Debug|x64.Build.0 = Debug|Any CPU
		{72D3ED61-9545-4CC2-A932-1CD9E5504509}.Debug|x86.ActiveCfg = Debug|Any CPU
		{72D3ED61-9545-4CC2-A932-1CD9E5504509}.Debug|x86.Build.0 = Debug|Any CPU
		{72D3ED61-9545-4CC2-A932-1CD9E5504509}.Release|Any CPU.ActiveCfg = Release|Any CPU
		{72D3ED61-9545-4CC2-A932-1CD9E5504509}.Release|Any CPU.Build.0 = Release|Any CPU
		{72D3ED61-9545-4CC2-A932-1CD9E5504509}.Release|x64.ActiveCfg = Release|Any CPU
		{72D3ED61-9545-4CC2-A932-1CD9E5504509}.Release|x64.Build.0 = Release|Any CPU
		{72D3ED61-9545-4CC2-A932-1CD9E5504509}.Release|x86.ActiveCfg = Release|Any CPU
		{72D3ED61-9545-4CC2-A932-1CD9E5504509}.Release|x86.Build.0 = Release|Any CPU
		{2BA946E8-4F2D-459A-93B7-31EB36CD4945}.Debug|Any CPU.ActiveCfg = Debug|Any CPU
		{2BA946E8-4F2D-459A-93B7-31EB36CD4945}.Debug|Any CPU.Build.0 = Debug|Any CPU
		{2BA946E8-4F2D-459A-93B7-31EB36CD4945}.Debug|x64.ActiveCfg = Debug|Any CPU
		{2BA946E8-4F2D-459A-93B7-31EB36CD4945}.Debug|x64.Build.0 = Debug|Any CPU
		{2BA946E8-4F2D-459A-93B7-31EB36CD4945}.Debug|x86.ActiveCfg = Debug|Any CPU
		{2BA946E8-4F2D-459A-93B7-31EB36CD4945}.Debug|x86.Build.0 = Debug|Any CPU
		{2BA946E8-4F2D-459A-93B7-31EB36CD4945}.Release|Any CPU.ActiveCfg = Release|Any CPU
		{2BA946E8-4F2D-459A-93B7-31EB36CD4945}.Release|Any CPU.Build.0 = Release|Any CPU
		{2BA946E8-4F2D-459A-93B7-31EB36CD4945}.Release|x64.ActiveCfg = Release|Any CPU
		{2BA946E8-4F2D-459A-93B7-31EB36CD4945}.Release|x64.Build.0 = Release|Any CPU
		{2BA946E8-4F2D-459A-93B7-31EB36CD4945}.Release|x86.ActiveCfg = Release|Any CPU
		{2BA946E8-4F2D-459A-93B7-31EB36CD4945}.Release|x86.Build.0 = Release|Any CPU
		{2641B39E-20E3-4EF5-B35A-5F21E530F2A8}.Debug|Any CPU.ActiveCfg = Debug|Any CPU
		{2641B39E-20E3-4EF5-B35A-5F21E530F2A8}.Debug|Any CPU.Build.0 = Debug|Any CPU
		{2641B39E-20E3-4EF5-B35A-5F21E530F2A8}.Debug|x64.ActiveCfg = Debug|Any CPU
		{2641B39E-20E3-4EF5-B35A-5F21E530F2A8}.Debug|x64.Build.0 = Debug|Any CPU
		{2641B39E-20E3-4EF5-B35A-5F21E530F2A8}.Debug|x86.ActiveCfg = Debug|Any CPU
		{2641B39E-20E3-4EF5-B35A-5F21E530F2A8}.Debug|x86.Build.0 = Debug|Any CPU
		{2641B39E-20E3-4EF5-B35A-5F21E530F2A8}.Release|Any CPU.ActiveCfg = Release|Any CPU
		{2641B39E-20E3-4EF5-B35A-5F21E530F2A8}.Release|Any CPU.Build.0 = Release|Any CPU
		{2641B39E-20E3-4EF5-B35A-5F21E530F2A8}.Release|x64.ActiveCfg = Release|Any CPU
		{2641B39E-20E3-4EF5-B35A-5F21E530F2A8}.Release|x64.Build.0 = Release|Any CPU
		{2641B39E-20E3-4EF5-B35A-5F21E530F2A8}.Release|x86.ActiveCfg = Release|Any CPU
		{2641B39E-20E3-4EF5-B35A-5F21E530F2A8}.Release|x86.Build.0 = Release|Any CPU
		{EAB74F46-3B91-4BB4-AF0B-75AF8D039B02}.Debug|Any CPU.ActiveCfg = Debug|Any CPU
		{EAB74F46-3B91-4BB4-AF0B-75AF8D039B02}.Debug|Any CPU.Build.0 = Debug|Any CPU
		{EAB74F46-3B91-4BB4-AF0B-75AF8D039B02}.Debug|x64.ActiveCfg = Debug|Any CPU
		{EAB74F46-3B91-4BB4-AF0B-75AF8D039B02}.Debug|x64.Build.0 = Debug|Any CPU
		{EAB74F46-3B91-4BB4-AF0B-75AF8D039B02}.Debug|x86.ActiveCfg = Debug|Any CPU
		{EAB74F46-3B91-4BB4-AF0B-75AF8D039B02}.Debug|x86.Build.0 = Debug|Any CPU
		{EAB74F46-3B91-4BB4-AF0B-75AF8D039B02}.Release|Any CPU.ActiveCfg = Release|Any CPU
		{EAB74F46-3B91-4BB4-AF0B-75AF8D039B02}.Release|Any CPU.Build.0 = Release|Any CPU
		{EAB74F46-3B91-4BB4-AF0B-75AF8D039B02}.Release|x64.ActiveCfg = Release|Any CPU
		{EAB74F46-3B91-4BB4-AF0B-75AF8D039B02}.Release|x64.Build.0 = Release|Any CPU
		{EAB74F46-3B91-4BB4-AF0B-75AF8D039B02}.Release|x86.ActiveCfg = Release|Any CPU
		{EAB74F46-3B91-4BB4-AF0B-75AF8D039B02}.Release|x86.Build.0 = Release|Any CPU
		{A7D6E943-419B-456F-B350-58C102E8607B}.Debug|Any CPU.ActiveCfg = Debug|Any CPU
		{A7D6E943-419B-456F-B350-58C102E8607B}.Debug|Any CPU.Build.0 = Debug|Any CPU
		{A7D6E943-419B-456F-B350-58C102E8607B}.Debug|x64.ActiveCfg = Debug|Any CPU
		{A7D6E943-419B-456F-B350-58C102E8607B}.Debug|x64.Build.0 = Debug|Any CPU
		{A7D6E943-419B-456F-B350-58C102E8607B}.Debug|x86.ActiveCfg = Debug|Any CPU
		{A7D6E943-419B-456F-B350-58C102E8607B}.Debug|x86.Build.0 = Debug|Any CPU
		{A7D6E943-419B-456F-B350-58C102E8607B}.Release|Any CPU.ActiveCfg = Release|Any CPU
		{A7D6E943-419B-456F-B350-58C102E8607B}.Release|Any CPU.Build.0 = Release|Any CPU
		{A7D6E943-419B-456F-B350-58C102E8607B}.Release|x64.ActiveCfg = Release|Any CPU
		{A7D6E943-419B-456F-B350-58C102E8607B}.Release|x64.Build.0 = Release|Any CPU
		{A7D6E943-419B-456F-B350-58C102E8607B}.Release|x86.ActiveCfg = Release|Any CPU
		{A7D6E943-419B-456F-B350-58C102E8607B}.Release|x86.Build.0 = Release|Any CPU
		{92539D24-8029-4656-BFEA-5A4A7A558C21}.Debug|Any CPU.ActiveCfg = Debug|Any CPU
		{92539D24-8029-4656-BFEA-5A4A7A558C21}.Debug|Any CPU.Build.0 = Debug|Any CPU
		{92539D24-8029-4656-BFEA-5A4A7A558C21}.Debug|x64.ActiveCfg = Debug|Any CPU
		{92539D24-8029-4656-BFEA-5A4A7A558C21}.Debug|x64.Build.0 = Debug|Any CPU
		{92539D24-8029-4656-BFEA-5A4A7A558C21}.Debug|x86.ActiveCfg = Debug|Any CPU
		{92539D24-8029-4656-BFEA-5A4A7A558C21}.Debug|x86.Build.0 = Debug|Any CPU
		{92539D24-8029-4656-BFEA-5A4A7A558C21}.Release|Any CPU.ActiveCfg = Release|Any CPU
		{92539D24-8029-4656-BFEA-5A4A7A558C21}.Release|Any CPU.Build.0 = Release|Any CPU
		{92539D24-8029-4656-BFEA-5A4A7A558C21}.Release|x64.ActiveCfg = Release|Any CPU
		{92539D24-8029-4656-BFEA-5A4A7A558C21}.Release|x64.Build.0 = Release|Any CPU
		{92539D24-8029-4656-BFEA-5A4A7A558C21}.Release|x86.ActiveCfg = Release|Any CPU
		{92539D24-8029-4656-BFEA-5A4A7A558C21}.Release|x86.Build.0 = Release|Any CPU
		{7810922E-C5CC-4C34-8B0B-2485A062781C}.Debug|Any CPU.ActiveCfg = Debug|Any CPU
		{7810922E-C5CC-4C34-8B0B-2485A062781C}.Debug|Any CPU.Build.0 = Debug|Any CPU
		{7810922E-C5CC-4C34-8B0B-2485A062781C}.Debug|x64.ActiveCfg = Debug|Any CPU
		{7810922E-C5CC-4C34-8B0B-2485A062781C}.Debug|x64.Build.0 = Debug|Any CPU
		{7810922E-C5CC-4C34-8B0B-2485A062781C}.Debug|x86.ActiveCfg = Debug|Any CPU
		{7810922E-C5CC-4C34-8B0B-2485A062781C}.Debug|x86.Build.0 = Debug|Any CPU
		{7810922E-C5CC-4C34-8B0B-2485A062781C}.Release|Any CPU.ActiveCfg = Release|Any CPU
		{7810922E-C5CC-4C34-8B0B-2485A062781C}.Release|Any CPU.Build.0 = Release|Any CPU
		{7810922E-C5CC-4C34-8B0B-2485A062781C}.Release|x64.ActiveCfg = Release|Any CPU
		{7810922E-C5CC-4C34-8B0B-2485A062781C}.Release|x64.Build.0 = Release|Any CPU
		{7810922E-C5CC-4C34-8B0B-2485A062781C}.Release|x86.ActiveCfg = Release|Any CPU
		{7810922E-C5CC-4C34-8B0B-2485A062781C}.Release|x86.Build.0 = Release|Any CPU
		{3D85B345-82EC-4714-9A5A-E271AA4676EE}.Debug|Any CPU.ActiveCfg = Debug|Any CPU
		{3D85B345-82EC-4714-9A5A-E271AA4676EE}.Debug|Any CPU.Build.0 = Debug|Any CPU
		{3D85B345-82EC-4714-9A5A-E271AA4676EE}.Debug|x64.ActiveCfg = Debug|Any CPU
		{3D85B345-82EC-4714-9A5A-E271AA4676EE}.Debug|x64.Build.0 = Debug|Any CPU
		{3D85B345-82EC-4714-9A5A-E271AA4676EE}.Debug|x86.ActiveCfg = Debug|Any CPU
		{3D85B345-82EC-4714-9A5A-E271AA4676EE}.Debug|x86.Build.0 = Debug|Any CPU
		{3D85B345-82EC-4714-9A5A-E271AA4676EE}.Release|Any CPU.ActiveCfg = Release|Any CPU
		{3D85B345-82EC-4714-9A5A-E271AA4676EE}.Release|Any CPU.Build.0 = Release|Any CPU
		{3D85B345-82EC-4714-9A5A-E271AA4676EE}.Release|x64.ActiveCfg = Release|Any CPU
		{3D85B345-82EC-4714-9A5A-E271AA4676EE}.Release|x64.Build.0 = Release|Any CPU
		{3D85B345-82EC-4714-9A5A-E271AA4676EE}.Release|x86.ActiveCfg = Release|Any CPU
		{3D85B345-82EC-4714-9A5A-E271AA4676EE}.Release|x86.Build.0 = Release|Any CPU
		{A1732110-99E6-40B7-A50B-E8AA5B4DC47E}.Debug|Any CPU.ActiveCfg = Debug|Any CPU
		{A1732110-99E6-40B7-A50B-E8AA5B4DC47E}.Debug|Any CPU.Build.0 = Debug|Any CPU
		{A1732110-99E6-40B7-A50B-E8AA5B4DC47E}.Debug|x64.ActiveCfg = Debug|Any CPU
		{A1732110-99E6-40B7-A50B-E8AA5B4DC47E}.Debug|x64.Build.0 = Debug|Any CPU
		{A1732110-99E6-40B7-A50B-E8AA5B4DC47E}.Debug|x86.ActiveCfg = Debug|Any CPU
		{A1732110-99E6-40B7-A50B-E8AA5B4DC47E}.Debug|x86.Build.0 = Debug|Any CPU
		{A1732110-99E6-40B7-A50B-E8AA5B4DC47E}.Release|Any CPU.ActiveCfg = Release|Any CPU
		{A1732110-99E6-40B7-A50B-E8AA5B4DC47E}.Release|Any CPU.Build.0 = Release|Any CPU
		{A1732110-99E6-40B7-A50B-E8AA5B4DC47E}.Release|x64.ActiveCfg = Release|Any CPU
		{A1732110-99E6-40B7-A50B-E8AA5B4DC47E}.Release|x64.Build.0 = Release|Any CPU
		{A1732110-99E6-40B7-A50B-E8AA5B4DC47E}.Release|x86.ActiveCfg = Release|Any CPU
		{A1732110-99E6-40B7-A50B-E8AA5B4DC47E}.Release|x86.Build.0 = Release|Any CPU
		{7FA3EEC5-030D-4998-941D-D72B77C47051}.Debug|Any CPU.ActiveCfg = Debug|Any CPU
		{7FA3EEC5-030D-4998-941D-D72B77C47051}.Debug|Any CPU.Build.0 = Debug|Any CPU
		{7FA3EEC5-030D-4998-941D-D72B77C47051}.Debug|x64.ActiveCfg = Debug|Any CPU
		{7FA3EEC5-030D-4998-941D-D72B77C47051}.Debug|x64.Build.0 = Debug|Any CPU
		{7FA3EEC5-030D-4998-941D-D72B77C47051}.Debug|x86.ActiveCfg = Debug|Any CPU
		{7FA3EEC5-030D-4998-941D-D72B77C47051}.Debug|x86.Build.0 = Debug|Any CPU
		{7FA3EEC5-030D-4998-941D-D72B77C47051}.Release|Any CPU.ActiveCfg = Release|Any CPU
		{7FA3EEC5-030D-4998-941D-D72B77C47051}.Release|Any CPU.Build.0 = Release|Any CPU
		{7FA3EEC5-030D-4998-941D-D72B77C47051}.Release|x64.ActiveCfg = Release|Any CPU
		{7FA3EEC5-030D-4998-941D-D72B77C47051}.Release|x64.Build.0 = Release|Any CPU
		{7FA3EEC5-030D-4998-941D-D72B77C47051}.Release|x86.ActiveCfg = Release|Any CPU
		{7FA3EEC5-030D-4998-941D-D72B77C47051}.Release|x86.Build.0 = Release|Any CPU
	EndGlobalSection
	GlobalSection(SolutionProperties) = preSolution
		HideSolutionNode = FALSE
	EndGlobalSection
	GlobalSection(NestedProjects) = preSolution
		{0664E688-9446-49D4-B53D-D48889523E01} = {827E0CD3-B72D-47B6-A68D-7590B98EB39B}
		{72D3ED61-9545-4CC2-A932-1CD9E5504509} = {827E0CD3-B72D-47B6-A68D-7590B98EB39B}
		{2BA946E8-4F2D-459A-93B7-31EB36CD4945} = {827E0CD3-B72D-47B6-A68D-7590B98EB39B}
		{2641B39E-20E3-4EF5-B35A-5F21E530F2A8} = {827E0CD3-B72D-47B6-A68D-7590B98EB39B}
		{EAB74F46-3B91-4BB4-AF0B-75AF8D039B02} = {827E0CD3-B72D-47B6-A68D-7590B98EB39B}
		{A7D6E943-419B-456F-B350-58C102E8607B} = {827E0CD3-B72D-47B6-A68D-7590B98EB39B}
		{92539D24-8029-4656-BFEA-5A4A7A558C21} = {827E0CD3-B72D-47B6-A68D-7590B98EB39B}
		{7810922E-C5CC-4C34-8B0B-2485A062781C} = {827E0CD3-B72D-47B6-A68D-7590B98EB39B}
		{3D85B345-82EC-4714-9A5A-E271AA4676EE} = {827E0CD3-B72D-47B6-A68D-7590B98EB39B}
		{A1732110-99E6-40B7-A50B-E8AA5B4DC47E} = {827E0CD3-B72D-47B6-A68D-7590B98EB39B}
		{7FA3EEC5-030D-4998-941D-D72B77C47051} = {827E0CD3-B72D-47B6-A68D-7590B98EB39B}
	EndGlobalSection
EndGlobal
